
Microsoft Visual Studio Solution File, Format Version 12.00
# Visual Studio Version 17
VisualStudioVersion = 17.14.36518.9
MinimumVisualStudioVersion = 10.0.40219.1
Project("{00D1A9C2-B5F0-4AF3-8072-F6C62B433612}") = "PerfumeBrand", "PerfumeBrand\PerfumeBrand.sqlproj", "{76583FC0-E520-4A25-BFCD-C211866E0B75}"
EndProject
Project("{FAE04EC0-301F-11D3-BF4B-00C04F79EFBC}") = "AntiverosWindowsMain", "AntiverosWindowsMain\AntiverosWindowsMain.csproj", "{912B2134-6A36-4761-82A6-4303CC24D3A5}"
EndProject
Global
	GlobalSection(SolutionConfigurationPlatforms) = preSolution
		Debug|Any CPU = Debug|Any CPU
		Release|Any CPU = Release|Any CPU
	EndGlobalSection
	GlobalSection(ProjectConfigurationPlatforms) = postSolution
		{76583FC0-E520-4A25-BFCD-C211866E0B75}.Debug|Any CPU.ActiveCfg = Debug|Any CPU
		{76583FC0-E520-4A25-BFCD-C211866E0B75}.Debug|Any CPU.Build.0 = Debug|Any CPU
		{76583FC0-E520-4A25-BFCD-C211866E0B75}.Debug|Any CPU.Deploy.0 = Debug|Any CPU
		{76583FC0-E520-4A25-BFCD-C211866E0B75}.Release|Any CPU.ActiveCfg = Release|Any CPU
		{76583FC0-E520-4A25-BFCD-C211866E0B75}.Release|Any CPU.Build.0 = Release|Any CPU
		{76583FC0-E520-4A25-BFCD-C211866E0B75}.Release|Any CPU.Deploy.0 = Release|Any CPU
		{912B2134-6A36-4761-82A6-4303CC24D3A5}.Debug|Any CPU.ActiveCfg = Debug|Any CPU
		{912B2134-6A36-4761-82A6-4303CC24D3A5}.Debug|Any CPU.Build.0 = Debug|Any CPU
		{912B2134-6A36-4761-82A6-4303CC24D3A5}.Release|Any CPU.ActiveCfg = Release|Any CPU
		{912B2134-6A36-4761-82A6-4303CC24D3A5}.Release|Any CPU.Build.0 = Release|Any CPU
	EndGlobalSection
	GlobalSection(SolutionProperties) = preSolution
		HideSolutionNode = FALSE
	EndGlobalSection
	GlobalSection(ExtensibilityGlobals) = postSolution
		SolutionGuid = {8DBD73A0-84C5-49F5-86F3-FAE8A3AC3B96}
	EndGlobalSection
EndGlobal
